apiVersion: vendir.k14s.io/v1alpha1
directories:
- contents:
  - git:
      commitTitle: Prepare release v0.20.0
      sha: f850823bead72095aaba55025a7efadfdfe3782a
      tags:
      - v0.20.0
    path: .
  path: helm/kueue/templates
- contents:
  - git:
      commitTitle: Prepare release v0.20.0
      sha: f850823bead72095aaba55025a7efadfdfe3782a
      tags:
      - v0.20.0
    path: .
  path: helm/kueue/tests
- contents:
  - git:
      commitTitle: Prepare release v0.20.0
      sha: f850823bead72095aaba55025a7efadfdfe3782a
      tags:
      - v0.20.0
    path: .
  path: upstream
kind: LockConfig
